// !$*UTF8*$!
{
	archiveVersion = 1;
	classes = {
	};
	objectVersion = 56;
	objects = {

/* Begin PBXBuildFile section */
		0807F3C728E3E76300187F85 /* AppDelegate.swift in Sources */ = {isa = PBXBuildFile; fileRef = 0807F3C628E3E76300187F85 /* AppDelegate.swift */; };
		0807F3C928E3E76300187F85 /* SceneDelegate.swift in Sources */ = {isa = PBXBuildFile; fileRef = 0807F3C828E3E76300187F85 /* SceneDelegate.swift */; };
		0807F3CB28E3E76300187F85 /* ConversationsViewController.swift in Sources */ = {isa = PBXBuildFile; fileRef = 0807F3CA28E3E76300187F85 /* ConversationsViewController.swift */; };
		0807F3CE28E3E76300187F85 /* Main.storyboard in Resources */ = {isa = PBXBuildFile; fileRef = 0807F3CC28E3E76300187F85 /* Main.storyboard */; };
		0807F3D028E3E76900187F85 /* Assets.xcassets in Resources */ = {isa = PBXBuildFile; fileRef = 0807F3CF28E3E76900187F85 /* Assets.xcassets */; };
		0807F3D328E3E76900187F85 /* LaunchScreen.storyboard in Resources */ = {isa = PBXBuildFile; fileRef = 0807F3D128E3E76900187F85 /* LaunchScreen.storyboard */; };
		0807F3E128E3EDA400187F85 /* LoginViewController.swift in Sources */ = {isa = PBXBuildFile; fileRef = 0807F3E028E3EDA400187F85 /* LoginViewController.swift */; };
		0807F3E328E3EDB100187F85 /* RegisterViewController.swift in Sources */ = {isa = PBXBuildFile; fileRef = 0807F3E228E3EDB100187F85 /* RegisterViewController.swift */; };
/* End PBXBuildFile section */

/* Begin PBXFileReference section */
		0807F3C328E3E76300187F85 /* MessageApp.app */ = {isa = PBXFileReference; explicitFileType = wrapper.application; includeInIndex = 0; path = MessageApp.app; sourceTree = BUILT_PRODUCTS_DIR; };
		0807F3C628E3E76300187F85 /* AppDelegate.swift */ = {isa = PBXFileReference; lastKnownFileType = sourcecode.swift; path = AppDelegate.swift; sourceTree = "<group>"; };
		0807F3C828E3E76300187F85 /* SceneDelegate.swift */ = {isa = PBXFileReference; lastKnownFileType = sourcecode.swift; path = SceneDelegate.swift; sourceTree = "<group>"; };
		0807F3CA28E3E76300187F85 /* ConversationsViewController.swift */ = {isa = PBXFileReference; lastKnownFileType = sourcecode.swift; path = ConversationsViewController.swift; sourceTree = "<group>"; };
		0807F3CD28E3E76300187F85 /* Base */ = {isa = PBXFileReference; lastKnownFileType = file.storyboard; name = Base; path = Base.lproj/Main.storyboard; sourceTree = "<group>"; };
		0807F3CF28E3E76900187F85 /* Assets.xcassets */ = {isa = PBXFileReference; lastKnownFileType = folder.assetcatalog; path = Assets.xcassets; sourceTree = "<group>"; };
		0807F3D228E3E76900187F85 /* Base */ = {isa = PBXFileReference; lastKnownFileType = file.storyboard; name = Base; path = Base.lproj/LaunchScreen.storyboard; sourceTree = "<group>"; };
		0807F3D428E3E76900187F85 /* Info.plist */ = {isa = PBXFileReference; lastKnownFileType = text.plist.xml; path = Info.plist; sourceTree = "<group>"; };
		0807F3E028E3EDA400187F85 /* LoginViewController.swift */ = {isa = PBXFileReference; lastKnownFileType = sourcecode.swift; path = LoginViewController.swift; sourceTree = "<group>"; };
		0807F3E228E3EDB100187F85 /* RegisterViewController.swift */ = {isa = PBXFileReference; lastKnownFileType = sourcecode.swift; path = RegisterViewController.swift; sourceTree = "<group>"; };
/* End PBXFileReference section */

/* Begin PBXFrameworksBuildPhase section */
		0807F3C028E3E76300187F85 /* Frameworks */ = {
			isa = PBXFrameworksBuildPhase;
			buildActionMask = 2147483647;
			files = (
			);
			runOnlyForDeploymentPostprocessing = 0;
		};
/* End PBXFrameworksBuildPhase section */

/* Begin PBXGroup section */
		0807F3BA28E3E76300187F85 = {
			isa = PBXGroup;
			children = (
				0807F3C528E3E76300187F85 /* MessageApp */,
				0807F3C428E3E76300187F85 /* Products */,
			);
			sourceTree = "<group>";
		};
		0807F3C428E3E76300187F85 /* Products */ = {
			isa = PBXGroup;
			children = (
				0807F3C328E3E76300187F85 /* MessageApp.app */,
			);
			name = Products;
			sourceTree = "<group>";
		};
		0807F3C528E3E76300187F85 /* MessageApp */ = {
			isa = PBXGroup;
			children = (
				0807F3DE28E3E98D00187F85 /* Resources */,
				0807F3DD28E3E97500187F85 /* ViewModels */,
				0807F3DC28E3E96D00187F85 /* Controllers */,
				0807F3DB28E3E96400187F85 /* Views */,
				0807F3DA28E3E95800187F85 /* Models */,
				0807F3D428E3E76900187F85 /* Info.plist */,
			);
			path = MessageApp;
			sourceTree = "<group>";
		};
		0807F3DA28E3E95800187F85 /* Models */ = {
			isa = PBXGroup;
			children = (
			);
			path = Models;
			sourceTree = "<group>";
		};
		0807F3DB28E3E96400187F85 /* Views */ = {
			isa = PBXGroup;
			children = (
				0807F3DF28E3EA3800187F85 /* StoryBoard */,
				0807F3CF28E3E76900187F85 /* Assets.xcassets */,
			);
			path = Views;
			sourceTree = "<group>";
		};
		0807F3DC28E3E96D00187F85 /* Controllers */ = {
			isa = PBXGroup;
			children = (
				0807F3CA28E3E76300187F85 /* ConversationsViewController.swift */,
				0807F3E028E3EDA400187F85 /* LoginViewController.swift */,
				0807F3E228E3EDB100187F85 /* RegisterViewController.swift */,
			);
			path = Controllers;
			sourceTree = "<group>";
		};
		0807F3DD28E3E97500187F85 /* ViewModels */ = {
			isa = PBXGroup;
			children = (
			);
			path = ViewModels;
			sourceTree = "<group>";
		};
		0807F3DE28E3E98D00187F85 /* Resources */ = {
			isa = PBXGroup;
			children = (
				0807F3C628E3E76300187F85 /* AppDelegate.swift */,
				0807F3C828E3E76300187F85 /* SceneDelegate.swift */,
			);
			path = Resources;
			sourceTree = "<group>";
		};
		0807F3DF28E3EA3800187F85 /* StoryBoard */ = {
			isa = PBXGroup;
			children = (
				0807F3CC28E3E76300187F85 /* Main.storyboard */,
				0807F3D128E3E76900187F85 /* LaunchScreen.storyboard */,
			);
			path = StoryBoard;
			sourceTree = "<group>";
		};
/* End PBXGroup section */

/* Begin PBXNativeTarget section */
		0807F3C228E3E76300187F85 /* MessageApp */ = {
			isa = PBXNativeTarget;
			buildConfigurationList = 0807F3D728E3E76900187F85 /* Build configuration list for PBXNativeTarget "MessageApp" */;
			buildPhases = (
				0807F3BF28E3E76300187F85 /* Sources */,
				0807F3C028E3E76300187F85 /* Frameworks */,
				0807F3C128E3E76300187F85 /* Resources */,
			);
			buildRules = (
			);
			dependencies = (
			);
			name = MessageApp;
			productName = MessageApp;
			productReference = 0807F3C328E3E76300187F85 /* MessageApp.app */;
			productType = "com.apple.product-type.application";
		};
/* End PBXNativeTarget section */

/* Begin PBXProject section */
		0807F3BB28E3E76300187F85 /* Project object */ = {
			isa = PBXProject;
			attributes = {
				BuildIndependentTargetsInParallel = 1;
				LastSwiftUpdateCheck = 1400;
				LastUpgradeCheck = 1400;
				TargetAttributes = {
					0807F3C228E3E76300187F85 = {
						CreatedOnToolsVersion = 14.0;
					};
				};
			};
			buildConfigurationList = 0807F3BE28E3E76300187F85 /* Build configuration list for PBXProject "MessageApp" */;
			compatibilityVersion = "Xcode 14.0";
			developmentRegion = en;
			hasScannedForEncodings = 0;
			knownRegions = (
				en,
				Base,
			);
			mainGroup = 0807F3BA28E3E76300187F85;
			productRefGroup = 0807F3C428E3E76300187F85 /* Products */;
			projectDirPath = "";
			projectRoot = "";
			targets = (
				0807F3C228E3E76300187F85 /* MessageApp */,
			);
		};
/* End PBXProject section */

/* Begin PBXResourcesBuildPhase section */
		0807F3C128E3E76300187F85 /* Resources */ = {
			isa = PBXResourcesBuildPhase;
			buildActionMask = 2147483647;
			files = (
				0807F3D328E3E76900187F85 /* LaunchScreen.storyboard in Resources */,
				0807F3D028E3E76900187F85 /* Assets.xcassets in Resources */,
				0807F3CE28E3E76300187F85 /* Main.storyboard in Resources */,
			);
			runOnlyForDeploymentPostprocessing = 0;
		};
/* End PBXResourcesBuildPhase section */

/* Begin PBXSourcesBuildPhase section */
		0807F3BF28E3E76300187F85 /* Sources */ = {
			isa = PBXSourcesBuildPhase;
			buildActionMask = 2147483647;
			files = (
				0807F3E128E3EDA400187F85 /* LoginViewController.swift in Sources */,
				0807F3E328E3EDB100187F85 /* RegisterViewController.swift in Sources */,
				0807F3CB28E3E76300187F85 /* ConversationsViewController.swift in Sources */,
				0807F3C728E3E76300187F85 /* AppDelegate.swift in Sources */,
				0807F3C928E3E76300187F85 /* SceneDelegate.swift in Sources */,
			);
			runOnlyForDeploymentPostprocessing = 0;
		};
/* End PBXSourcesBuildPhase section */

/* Begin PBXVariantGroup section */
		0807F3CC28E3E76300187F85 /* Main.storyboard */ = {
			isa = PBXVariantGroup;
			children = (
				0807F3CD28E3E76300187F85 /* Base */,
			);
			name = Main.storyboard;
			sourceTree = "<group>";
		};
		0807F3D128E3E76900187F85 /* LaunchScreen.storyboard */ = {
			isa = PBXVariantGroup;
			children = (
				0807F3D228E3E76900187F85 /* Base */,
			);
			name = LaunchScreen.storyboard;
			sourceTree = "<group>";
		};
/* End PBXVariantGroup section */

/* Begin XCBuildConfiguration section */
		0807F3D528E3E76900187F85 /* Debug */ = {
			isa = XCBuildConfiguration;
			buildSettings = {
				ALWAYS_SEARCH_USER_PATHS = NO;
				CLANG_ANALYZER_NONNULL = YES;
				CLANG_ANALYZER_NUMBER_OBJECT_CONVERSION = YES_AGGRESSIVE;
				CLANG_CXX_LANGUAGE_STANDARD = "gnu++20";
				CLANG_ENABLE_MODULES = YES;
				CLANG_ENABLE_OBJC_ARC = YES;
				CLANG_ENABLE_OBJC_WEAK = YES;
				CLANG_WARN_BLOCK_CAPTURE_AUTORELEASING = YES;
				CLANG_WARN_BOOL_CONVERSION = YES;
				CLANG_WARN_COMMA = YES;
				CLANG_WARN_CONSTANT_CONVERSION = YES;
				CLANG_WARN_DEPRECATED_OBJC_IMPLEMENTATIONS = YES;
				CLANG_WARN_DIRECT_OBJC_ISA_USAGE = YES_ERROR;
				CLANG_WARN_DOCUMENTATION_COMMENTS = YES;
				CLANG_WARN_EMPTY_BODY = YES;
				CLANG_WARN_ENUM_CONVERSION = YES;
				CLANG_WARN_INFINITE_RECURSION = YES;
				CLANG_WARN_INT_CONVERSION = YES;
				CLANG_WARN_NON_LITERAL_NULL_CONVERSION = YES;
				CLANG_WARN_OBJC_IMPLICIT_RETAIN_SELF = YES;
				CLANG_WARN_OBJC_LITERAL_CONVERSION = YES;
				CLANG_WARN_OBJC_ROOT_CLASS = YES_ERROR;
				CLANG_WARN_QUOTED_INCLUDE_IN_FRAMEWORK_HEADER = YES;
				CLANG_WARN_RANGE_LOOP_ANALYSIS = YES;
				CLANG_WARN_STRICT_PROTOTYPES = YES;
				CLANG_WARN_SUSPICIOUS_MOVE = YES;
				CLANG_WARN_UNGUARDED_AVAILABILITY = YES_AGGRESSIVE;
				CLANG_WARN_UNREACHABLE_CODE = YES;
				CLANG_WARN__DUPLICATE_METHOD_MATCH = YES;
				COPY_PHASE_STRIP = NO;
				DEBUG_INFORMATION_FORMAT = dwarf;
				ENABLE_STRICT_OBJC_MSGSEND = YES;
				ENABLE_TESTABILITY = YES;
				GCC_C_LANGUAGE_STANDARD = gnu11;
				GCC_DYNAMIC_NO_PIC = NO;
				GCC_NO_COMMON_BLOCKS = YES;
				GCC_OPTIMIZATION_LEVEL = 0;
				GCC_PREPROCESSOR_DEFINITIONS = (
					"DEBUG=1",
					"$(inherited)",
				);
				GCC_WARN_64_TO_32_BIT_CONVERSION = YES;
				GCC_WARN_ABOUT_RETURN_TYPE = YES_ERROR;
				GCC_WARN_UNDECLARED_SELECTOR = YES;
				GCC_WARN_UNINITIALIZED_AUTOS = YES_AGGRESSIVE;
				GCC_WARN_UNUSED_FUNCTION = YES;
				GCC_WARN_UNUSED_VARIABLE = YES;
				IPHONEOS_DEPLOYMENT_TARGET = 16.0;
				MTL_ENABLE_DEBUG_INFO = INCLUDE_SOURCE;
				MTL_FAST_MATH = YES;
				ONLY_ACTIVE_ARCH = YES;
				SDKROOT = iphoneos;
				SWIFT_ACTIVE_COMPILATION_CONDITIONS = DEBUG;
				SWIFT_OPTIMIZATION_LEVEL = "-Onone";
			};
			name = Debug;
		};
		0807F3D628E3E76900187F85 /* Release */ = {
			isa = XCBuildConfiguration;
			buildSettings = {
				ALWAYS_SEARCH_USER_PATHS = NO;
				CLANG_ANALYZER_NONNULL = YES;
				CLANG_ANALYZER_NUMBER_OBJECT_CONVERSION = YES_AGGRESSIVE;
				CLANG_CXX_LANGUAGE_STANDARD = "gnu++20";
				CLANG_ENABLE_MODULES = YES;
				CLANG_ENABLE_OBJC_ARC = YES;
				CLANG_ENABLE_OBJC_WEAK = YES;
				CLANG_WARN_BLOCK_CAPTURE_AUTORELEASING = YES;
				CLANG_WARN_BOOL_CONVERSION = YES;
				CLANG_WARN_COMMA = YES;
				CLANG_WARN_CONSTANT_CONVERSION = YES;
				CLANG_WARN_DEPRECATED_OBJC_IMPLEMENTATIONS = YES;
				CLANG_WARN_DIRECT_OBJC_ISA_USAGE = YES_ERROR;
				CLANG_WARN_DOCUMENTATION_COMMENTS = YES;
				CLANG_WARN_EMPTY_BODY = YES;
				CLANG_WARN_ENUM_CONVERSION = YES;
				CLANG_WARN_INFINITE_RECURSION = YES;
				CLANG_WARN_INT_CONVERSION = YES;
				CLANG_WARN_NON_LITERAL_NULL_CONVERSION = YES;
				CLANG_WARN_OBJC_IMPLICIT_RETAIN_SELF = YES;
				CLANG_WARN_OBJC_LITERAL_CONVERSION = YES;
				CLANG_WARN_OBJC_ROOT_CLASS = YES_ERROR;
				CLANG_WARN_QUOTED_INCLUDE_IN_FRAMEWORK_HEADER = YES;
				CLANG_WARN_RANGE_LOOP_ANALYSIS = YES;
				CLANG_WARN_STRICT_PROTOTYPES = YES;
				CLANG_WARN_SUSPICIOUS_MOVE = YES;
				CLANG_WARN_UNGUARDED_AVAILABILITY = YES_AGGRESSIVE;
				CLANG_WARN_UNREACHABLE_CODE = YES;
				CLANG_WARN__DUPLICATE_METHOD_MATCH = YES;
				COPY_PHASE_STRIP = NO;
				DEBUG_INFORMATION_FORMAT = "dwarf-with-dsym";
				ENABLE_NS_ASSERTIONS = NO;
				ENABLE_STRICT_OBJC_MSGSEND = YES;
				GCC_C_LANGUAGE_STANDARD = gnu11;
				GCC_NO_COMMON_BLOCKS = YES;
				GCC_WARN_64_TO_32_BIT_CONVERSION = YES;
				GCC_WARN_ABOUT_RETURN_TYPE = YES_ERROR;
				GCC_WARN_UNDECLARED_SELECTOR = YES;
				GCC_WARN_UNINITIALIZED_AUTOS = YES_AGGRESSIVE;
				GCC_WARN_UNUSED_FUNCTION = YES;
				GCC_WARN_UNUSED_VARIABLE = YES;
				IPHONEOS_DEPLOYMENT_TARGET = 16.0;
				MTL_ENABLE_DEBUG_INFO = NO;
				MTL_FAST_MATH = YES;
				SDKROOT = iphoneos;
				SWIFT_COMPILATION_MODE = wholemodule;
				SWIFT_OPTIMIZATION_LEVEL = "-O";
				VALIDATE_PRODUCT = YES;
			};
			name = Release;
		};
		0807F3D828E3E76900187F85 /* Debug */ = {
			isa = XCBuildConfiguration;
			buildSettings = {
				ASSETCATALOG_COMPILER_APPICON_NAME = AppIcon;
				ASSETCATALOG_COMPILER_GLOBAL_ACCENT_COLOR_NAME = AccentColor;
				CODE_SIGN_STYLE = Automatic;
				CURRENT_PROJECT_VERSION = 1;
				GENERATE_INFOPLIST_FILE = YES;
				INFOPLIST_FILE = MessageApp/Info.plist;
				INFOPLIST_KEY_UIApplicationSupportsIndirectInputEvents = YES;
				INFOPLIST_KEY_UILaunchStoryboardName = LaunchScreen;
				INFOPLIST_KEY_UIMainStoryboardFile = Main;
				INFOPLIST_KEY_UISupportedInterfaceOrientations = UIInterfaceOrientationPortrait;
				LD_RUNPATH_SEARCH_PATHS = (
					"$(inherited)",
					"@executable_path/Frameworks",
				);
				MARKETING_VERSION = 1.0;
				PRODUCT_BUNDLE_IDENTIFIER = com.ln.MessageApp;
				PRODUCT_NAME = "$(TARGET_NAME)";
				SWIFT_EMIT_LOC_STRINGS = YES;
				SWIFT_VERSION = 5.0;
				TARGETED_DEVICE_FAMILY = "1,2";
			};
			name = Debug;
		};
		0807F3D928E3E76900187F85 /* Release */ = {
			isa = XCBuildConfiguration;
			buildSettings = {
				ASSETCATALOG_COMPILER_APPICON_NAME = AppIcon;
				ASSETCATALOG_COMPILER_GLOBAL_ACCENT_COLOR_NAME = AccentColor;
				CODE_SIGN_STYLE = Automatic;
				CURRENT_PROJECT_VERSION = 1;
				GENERATE_INFOPLIST_FILE = YES;
				INFOPLIST_FILE = MessageApp/Info.plist;
				INFOPLIST_KEY_UIApplicationSupportsIndirectInputEvents = YES;
				INFOPLIST_KEY_UILaunchStoryboardName = LaunchScreen;
				INFOPLIST_KEY_UIMainStoryboardFile = Main;
				INFOPLIST_KEY_UISupportedInterfaceOrientations = UIInterfaceOrientationPortrait;
				LD_RUNPATH_SEARCH_PATHS = (
					"$(inherited)",
					"@executable_path/Frameworks",
				);
				MARKETING_VERSION = 1.0;
				PRODUCT_BUNDLE_IDENTIFIER = com.ln.MessageApp;
				PRODUCT_NAME = "$(TARGET_NAME)";
				SWIFT_EMIT_LOC_STRINGS = YES;
				SWIFT_VERSION = 5.0;
				TARGETED_DEVICE_FAMILY = "1,2";
			};
			name = Release;
		};
/* End XCBuildConfiguration section */

/* Begin XCConfigurationList section */
		0807F3BE28E3E76300187F85 /* Build configuration list for PBXProject "MessageApp" */ = {
			isa = XCConfigurationList;
			buildConfigurations = (
				0807F3D528E3E76900187F85 /* Debug */,
				0807F3D628E3E76900187F85 /* Release */,
			);
			defaultConfigurationIsVisible = 0;
			defaultConfigurationName = Release;
		};
		0807F3D728E3E76900187F85 /* Build configuration list for PBXNativeTarget "MessageApp" */ = {
			isa = XCConfigurationList;
			buildConfigurations = (
				0807F3D828E3E76900187F85 /* Debug */,
				0807F3D928E3E76900187F85 /* Release */,
			);
			defaultConfigurationIsVisible = 0;
			defaultConfigurationName = Release;
		};
/* End XCConfigurationList section */
	};
	rootObject = 0807F3BB28E3E76300187F85 /* Project object */;
}
